{
  "version": 4,
  "terraform_version": "1.14.3",
  "serial": 4,
  "lineage": "eaf2197d-3440-830e-140b-40adfa4d6bf5",
  "outputs": {
    "health_check_id": {
      "value": "c096c762-5016-4398-9337-aa03e8736987",
      "type": "string"
    }
  },
  "resources": [
    {
      "mode": "managed",
      "type": "aws_route53_health_check",
      "name": "child_1",
      "provider": "provider[\"registry.terraform.io/hashicorp/aws\"]",
      "instances": [
        {
          "schema_version": 0,
          "attributes": {
            "arn": "arn:aws:route53:::healthcheck/8fc99018-af76-4d84-bad6-688f6a8cc4e7",
            "child_health_threshold": 0,
            "child_healthchecks": [],
            "cloudwatch_alarm_name": null,
            "cloudwatch_alarm_region": null,
            "disabled": false,
            "enable_sni": true,
            "failure_threshold": 3,
            "fqdn": "example.com",
            "id": "8fc99018-af76-4d84-bad6-688f6a8cc4e7",
            "insufficient_data_health_status": "",
            "invert_healthcheck": false,
            "ip_address": "",
            "measure_latency": false,
            "port": 443,
            "reference_name": null,
            "regions": [],
            "request_interval": 30,
            "resource_path": "/",
            "routing_control_arn": "",
            "search_string": "",
            "tags": {},
            "tags_all": {},
            "triggers": {},
            "type": "HTTPS"
          },
          "sensitive_attributes": [],
          "identity_schema_version": 0,
          "private": "bnVsbA=="
        }
      ]
    },
    {
      "mode": "managed",
      "type": "aws_route53_health_check",
      "name": "child_2",
      "provider": "provider[\"registry.terraform.io/hashicorp/aws\"]",
      "instances": [
        {
          "schema_version": 0,
          "attributes": {
            "arn": "arn:aws:route53:::healthcheck/d6f1144d-7667-49a2-9417-a9a5275cf184",
            "child_health_threshold": 0,
            "child_healthchecks": [],
            "cloudwatch_alarm_name": null,
            "cloudwatch_alarm_region": null,
            "disabled": false,
            "enable_sni": true,
            "failure_threshold": 3,
            "fqdn": "example.org",
            "id": "d6f1144d-7667-49a2-9417-a9a5275cf184",
            "insufficient_data_health_status": "",
            "invert_healthcheck": false,
            "ip_address": "",
            "measure_latency": false,
            "port": 443,
            "reference_name": null,
            "regions": [],
            "request_interval": 30,
            "resource_path": "/",
            "routing_control_arn": "",
            "search_string": "",
            "tags": {},
            "tags_all": {},
            "triggers": {},
            "type": "HTTPS"
          },
          "sensitive_attributes": [],
          "identity_schema_version": 0,
          "private": "bnVsbA=="
        }
      ]
    },
    {
      "module": "module.test_calculated",
      "mode": "managed",
      "type": "aws_route53_health_check",
      "name": "this",
      "provider": "provider[\"registry.terraform.io/hashicorp/aws\"]",
      "instances": [
        {
          "schema_version": 0,
          "attributes": {
            "arn": "arn:aws:route53:::healthcheck/c096c762-5016-4398-9337-aa03e8736987",
            "child_health_threshold": 1,
            "child_healthchecks": [
              "8fc99018-af76-4d84-bad6-688f6a8cc4e7",
              "d6f1144d-7667-49a2-9417-a9a5275cf184"
            ],
            "cloudwatch_alarm_name": null,
            "cloudwatch_alarm_region": null,
            "disabled": false,
            "enable_sni": false,
            "failure_threshold": 0,
            "fqdn": "",
            "id": "c096c762-5016-4398-9337-aa03e8736987",
            "insufficient_data_health_status": "",
            "invert_healthcheck": false,
            "ip_address": "",
            "measure_latency": false,
            "port": 0,
            "reference_name": null,
            "regions": [],
            "request_interval": 0,
            "resource_path": "",
            "routing_control_arn": "",
            "search_string": "",
            "tags": {
              "Name": "test-calculated-hc"
            },
            "tags_all": {
              "Name": "test-calculated-hc"
            },
            "triggers": {},
            "type": "CALCULATED"
          },
          "sensitive_attributes": [],
          "identity_schema_version": 0,
          "private": "bnVsbA==",
          "dependencies": [
            "aws_route53_health_check.child_1",
            "aws_route53_health_check.child_2"
          ]
        }
      ]
    }
  ],
  "check_results": [
    {
      "object_kind": "var",
      "config_addr": "module.test_calculated.var.request_interval",
      "status": "pass",
      "objects": [
        {
          "object_addr": "module.test_calculated.var.request_interval",
          "status": "pass"
        }
      ]
    },
    {
      "object_kind": "var",
      "config_addr": "module.test_calculated.var.type",
      "status": "pass",
      "objects": [
        {
          "object_addr": "module.test_calculated.var.type",
          "status": "pass"
        }
      ]
    },
    {
      "object_kind": "var",
      "config_addr": "module.test_calculated.var.insufficient_data_health_status",
      "status": "pass",
      "objects": [
        {
          "object_addr": "module.test_calculated.var.insufficient_data_health_status",
          "status": "pass"
        }
      ]
    }
  ]
}
