{
  "version": 4,
  "terraform_version": "1.14.3",
  "serial": 16,
  "lineage": "385b7a92-24ee-43c6-8ff6-d0e4b43f3243",
  "outputs": {
    "health_check_id": {
      "value": "8d52852c-06b8-4151-8ee9-b6264ba14ea8",
      "type": "string"
    }
  },
  "resources": [
    {
      "mode": "managed",
      "type": "aws_cloudwatch_metric_alarm",
      "name": "high_cpu",
      "provider": "provider[\"registry.terraform.io/hashicorp/aws\"]",
      "instances": [
        {
          "schema_version": 1,
          "attributes": {
            "actions_enabled": true,
            "alarm_actions": [
              "arn:aws:sns:ap-south-1:792625104377:test-topic"
            ],
            "alarm_description": "",
            "alarm_name": "HighCPU-Alarm",
            "arn": "arn:aws:cloudwatch:ap-south-1:792625104377:alarm:HighCPU-Alarm",
            "comparison_operator": "GreaterThanThreshold",
            "datapoints_to_alarm": 0,
            "dimensions": {},
            "evaluate_low_sample_count_percentiles": "",
            "evaluation_periods": 1,
            "extended_statistic": "",
            "id": "HighCPU-Alarm",
            "insufficient_data_actions": [],
            "metric_name": "CPUUtilization",
            "metric_query": [],
            "namespace": "AWS/EC2",
            "ok_actions": [],
            "period": 60,
            "region": "ap-south-1",
            "statistic": "Average",
            "tags": {},
            "tags_all": {},
            "threshold": 80,
            "threshold_metric_id": "",
            "treat_missing_data": "missing",
            "unit": ""
          },
          "sensitive_attributes": [],
          "identity_schema_version": 0,
          "identity": {
            "account_id": "792625104377",
            "alarm_name": "HighCPU-Alarm",
            "region": "ap-south-1"
          },
          "private": "eyJzY2hlbWFfdmVyc2lvbiI6IjEifQ==",
          "dependencies": [
            "aws_sns_topic.test"
          ]
        }
      ]
    },
    {
      "mode": "managed",
      "type": "aws_sns_topic",
      "name": "test",
      "provider": "provider[\"registry.terraform.io/hashicorp/aws\"]",
      "instances": [
        {
          "schema_version": 0,
          "attributes": {
            "application_failure_feedback_role_arn": "",
            "application_success_feedback_role_arn": "",
            "application_success_feedback_sample_rate": 0,
            "archive_policy": "",
            "arn": "arn:aws:sns:ap-south-1:792625104377:test-topic",
            "beginning_archive_time": "",
            "content_based_deduplication": false,
            "delivery_policy": "",
            "display_name": "",
            "fifo_throughput_scope": "",
            "fifo_topic": false,
            "firehose_failure_feedback_role_arn": "",
            "firehose_success_feedback_role_arn": "",
            "firehose_success_feedback_sample_rate": 0,
            "http_failure_feedback_role_arn": "",
            "http_success_feedback_role_arn": "",
            "http_success_feedback_sample_rate": 0,
            "id": "arn:aws:sns:ap-south-1:792625104377:test-topic",
            "kms_master_key_id": "",
            "lambda_failure_feedback_role_arn": "",
            "lambda_success_feedback_role_arn": "",
            "lambda_success_feedback_sample_rate": 0,
            "name": "test-topic",
            "name_prefix": "",
            "owner": "792625104377",
            "policy": "{\"Id\":\"__default_policy_ID\",\"Statement\":[{\"Action\":[\"SNS:GetTopicAttributes\",\"SNS:SetTopicAttributes\",\"SNS:AddPermission\",\"SNS:RemovePermission\",\"SNS:DeleteTopic\",\"SNS:Subscribe\",\"SNS:ListSubscriptionsByTopic\",\"SNS:Publish\"],\"Condition\":{\"StringEquals\":{\"AWS:SourceOwner\":\"792625104377\"}},\"Effect\":\"Allow\",\"Principal\":{\"AWS\":\"*\"},\"Resource\":\"arn:aws:sns:ap-south-1:792625104377:test-topic\",\"Sid\":\"__default_statement_ID\"}],\"Version\":\"2008-10-17\"}",
            "region": "ap-south-1",
            "signature_version": 0,
            "sqs_failure_feedback_role_arn": "",
            "sqs_success_feedback_role_arn": "",
            "sqs_success_feedback_sample_rate": 0,
            "tags": {},
            "tags_all": {},
            "tracing_config": ""
          },
          "sensitive_attributes": [],
          "identity_schema_version": 0,
          "identity": {
            "arn": "arn:aws:sns:ap-south-1:792625104377:test-topic"
          },
          "private": "bnVsbA=="
        }
      ]
    },
    {
      "module": "module.test_cloudwatch",
      "mode": "managed",
      "type": "aws_route53_health_check",
      "name": "this",
      "provider": "provider[\"registry.terraform.io/hashicorp/aws\"]",
      "instances": [
        {
          "schema_version": 0,
          "attributes": {
            "arn": "arn:aws:route53:::healthcheck/8d52852c-06b8-4151-8ee9-b6264ba14ea8",
            "child_health_threshold": 0,
            "child_healthchecks": [],
            "cloudwatch_alarm_name": "HighCPU-Alarm",
            "cloudwatch_alarm_region": "ap-south-1",
            "disabled": false,
            "enable_sni": false,
            "failure_threshold": 0,
            "fqdn": "",
            "id": "8d52852c-06b8-4151-8ee9-b6264ba14ea8",
            "insufficient_data_health_status": "LastKnownStatus",
            "invert_healthcheck": false,
            "ip_address": "",
            "measure_latency": false,
            "port": 0,
            "reference_name": null,
            "regions": [],
            "request_interval": 0,
            "resource_path": "",
            "routing_control_arn": "",
            "search_string": "",
            "tags": {
              "Name": "test-cloudwatch-hc"
            },
            "tags_all": {
              "Name": "test-cloudwatch-hc"
            },
            "triggers": {},
            "type": "CLOUDWATCH_METRIC"
          },
          "sensitive_attributes": [],
          "identity_schema_version": 0,
          "private": "bnVsbA==",
          "dependencies": [
            "aws_cloudwatch_metric_alarm.high_cpu",
            "aws_sns_topic.test"
          ]
        }
      ]
    }
  ],
  "check_results": [
    {
      "object_kind": "var",
      "config_addr": "module.test_cloudwatch.var.insufficient_data_health_status",
      "status": "pass",
      "objects": [
        {
          "object_addr": "module.test_cloudwatch.var.insufficient_data_health_status",
          "status": "pass"
        }
      ]
    },
    {
      "object_kind": "var",
      "config_addr": "module.test_cloudwatch.var.type",
      "status": "pass",
      "objects": [
        {
          "object_addr": "module.test_cloudwatch.var.type",
          "status": "pass"
        }
      ]
    },
    {
      "object_kind": "var",
      "config_addr": "module.test_cloudwatch.var.request_interval",
      "status": "pass",
      "objects": [
        {
          "object_addr": "module.test_cloudwatch.var.request_interval",
          "status": "pass"
        }
      ]
    }
  ]
}
